
Microsoft Visual Studio Solution File, Format Version 12.00
# Visual Studio 2012
Project("{FAE04EC0-301F-11D3-BF4B-00C04F79EFBC}") = "Manufacturing Execution", "Manufacturing Execution\Manufacturing Execution.csproj", "{4F1535ED-28E7-4396-9F10-61E5DF9D7CCE}"
EndProject
Project("{FAE04EC0-301F-11D3-BF4B-00C04F79EFBC}") = "DAL", "DAL\DAL.csproj", "{9E0E736A-4BB6-45F2-8A54-52BC2B2DA425}"
EndProject
Project("{FAE04EC0-301F-11D3-BF4B-00C04F79EFBC}") = "BLL", "BLL\BLL.csproj", "{1AFD7C41-4EBB-4F08-9594-957E3390EA66}"
EndProject
Project("{FAE04EC0-301F-11D3-BF4B-00C04F79EFBC}") = "Model", "Model\Model.csproj", "{AED2D860-B95B-4724-A86F-EA42A1EC34AB}"
EndProject
Global
	GlobalSection(SolutionConfigurationPlatforms) = preSolution
		CD_ROM|Any CPU = CD_ROM|Any CPU
		Debug|Any CPU = Debug|Any CPU
		DVD-5|Any CPU = DVD-5|Any CPU
		Release|Any CPU = Release|Any CPU
		SingleImage|Any CPU = SingleImage|Any CPU
	EndGlobalSection
	GlobalSection(ProjectConfigurationPlatforms) = postSolution
		{4F1535ED-28E7-4396-9F10-61E5DF9D7CCE}.CD_ROM|Any CPU.ActiveCfg = Release|Any CPU
		{4F1535ED-28E7-4396-9F10-61E5DF9D7CCE}.CD_ROM|Any CPU.Build.0 = Release|Any CPU
		{4F1535ED-28E7-4396-9F10-61E5DF9D7CCE}.Debug|Any CPU.ActiveCfg = Debug|Any CPU
		{4F1535ED-28E7-4396-9F10-61E5DF9D7CCE}.Debug|Any CPU.Build.0 = Debug|Any CPU
		{4F1535ED-28E7-4396-9F10-61E5DF9D7CCE}.DVD-5|Any CPU.ActiveCfg = Debug|Any CPU
		{4F1535ED-28E7-4396-9F10-61E5DF9D7CCE}.DVD-5|Any CPU.Build.0 = Debug|Any CPU
		{4F1535ED-28E7-4396-9F10-61E5DF9D7CCE}.Release|Any CPU.ActiveCfg = Release|Any CPU
		{4F1535ED-28E7-4396-9F10-61E5DF9D7CCE}.Release|Any CPU.Build.0 = Release|Any CPU
		{4F1535ED-28E7-4396-9F10-61E5DF9D7CCE}.SingleImage|Any CPU.ActiveCfg = Release|Any CPU
		{4F1535ED-28E7-4396-9F10-61E5DF9D7CCE}.SingleImage|Any CPU.Build.0 = Release|Any CPU
		{9E0E736A-4BB6-45F2-8A54-52BC2B2DA425}.CD_ROM|Any CPU.ActiveCfg = Release|Any CPU
		{9E0E736A-4BB6-45F2-8A54-52BC2B2DA425}.CD_ROM|Any CPU.Build.0 = Release|Any CPU
		{9E0E736A-4BB6-45F2-8A54-52BC2B2DA425}.Debug|Any CPU.ActiveCfg = Debug|Any CPU
		{9E0E736A-4BB6-45F2-8A54-52BC2B2DA425}.Debug|Any CPU.Build.0 = Debug|Any CPU
		{9E0E736A-4BB6-45F2-8A54-52BC2B2DA425}.DVD-5|Any CPU.ActiveCfg = Debug|Any CPU
		{9E0E736A-4BB6-45F2-8A54-52BC2B2DA425}.DVD-5|Any CPU.Build.0 = Debug|Any CPU
		{9E0E736A-4BB6-45F2-8A54-52BC2B2DA425}.Release|Any CPU.ActiveCfg = Release|Any CPU
		{9E0E736A-4BB6-45F2-8A54-52BC2B2DA425}.Release|Any CPU.Build.0 = Release|Any CPU
		{9E0E736A-4BB6-45F2-8A54-52BC2B2DA425}.SingleImage|Any CPU.ActiveCfg = Release|Any CPU
		{9E0E736A-4BB6-45F2-8A54-52BC2B2DA425}.SingleImage|Any CPU.Build.0 = Release|Any CPU
		{1AFD7C41-4EBB-4F08-9594-957E3390EA66}.CD_ROM|Any CPU.ActiveCfg = Release|Any CPU
		{1AFD7C41-4EBB-4F08-9594-957E3390EA66}.CD_ROM|Any CPU.Build.0 = Release|Any CPU
		{1AFD7C41-4EBB-4F08-9594-957E3390EA66}.Debug|Any CPU.ActiveCfg = Debug|Any CPU
		{1AFD7C41-4EBB-4F08-9594-957E3390EA66}.Debug|Any CPU.Build.0 = Debug|Any CPU
		{1AFD7C41-4EBB-4F08-9594-957E3390EA66}.DVD-5|Any CPU.ActiveCfg = Debug|Any CPU
		{1AFD7C41-4EBB-4F08-9594-957E3390EA66}.DVD-5|Any CPU.Build.0 = Debug|Any CPU
		{1AFD7C41-4EBB-4F08-9594-957E3390EA66}.Release|Any CPU.ActiveCfg = Release|Any CPU
		{1AFD7C41-4EBB-4F08-9594-957E3390EA66}.Release|Any CPU.Build.0 = Release|Any CPU
		{1AFD7C41-4EBB-4F08-9594-957E3390EA66}.SingleImage|Any CPU.ActiveCfg = Release|Any CPU
		{1AFD7C41-4EBB-4F08-9594-957E3390EA66}.SingleImage|Any CPU.Build.0 = Release|Any CPU
		{AED2D860-B95B-4724-A86F-EA42A1EC34AB}.CD_ROM|Any CPU.ActiveCfg = Release|Any CPU
		{AED2D860-B95B-4724-A86F-EA42A1EC34AB}.CD_ROM|Any CPU.Build.0 = Release|Any CPU
		{AED2D860-B95B-4724-A86F-EA42A1EC34AB}.Debug|Any CPU.ActiveCfg = Debug|Any CPU
		{AED2D860-B95B-4724-A86F-EA42A1EC34AB}.Debug|Any CPU.Build.0 = Debug|Any CPU
		{AED2D860-B95B-4724-A86F-EA42A1EC34AB}.DVD-5|Any CPU.ActiveCfg = Debug|Any CPU
		{AED2D860-B95B-4724-A86F-EA42A1EC34AB}.DVD-5|Any CPU.Build.0 = Debug|Any CPU
		{AED2D860-B95B-4724-A86F-EA42A1EC34AB}.Release|Any CPU.ActiveCfg = Release|Any CPU
		{AED2D860-B95B-4724-A86F-EA42A1EC34AB}.Release|Any CPU.Build.0 = Release|Any CPU
		{AED2D860-B95B-4724-A86F-EA42A1EC34AB}.SingleImage|Any CPU.ActiveCfg = Release|Any CPU
		{AED2D860-B95B-4724-A86F-EA42A1EC34AB}.SingleImage|Any CPU.Build.0 = Release|Any CPU
	EndGlobalSection
	GlobalSection(SolutionProperties) = preSolution
		HideSolutionNode = FALSE
	EndGlobalSection
EndGlobal
